
Microsoft Visual Studio Solution File, Format Version 12.00
# Visual Studio Version 16
VisualStudioVersion = 16.0.29306.81
MinimumVisualStudioVersion = 10.0.40219.1
Project("{888888A0-9F3D-457C-B088-3A5042F75D52}") = "hello", "hello\hello.pyproj", "{78AB2B16-C6A6-4CFF-953A-C26326DCC7F0}"
EndProject
Global
	GlobalSection(SolutionConfigurationPlatforms) = preSolution
		Debug|Any CPU = Debug|Any CPU
		Release|Any CPU = Release|Any CPU
	EndGlobalSection
	GlobalSection(ProjectConfigurationPlatforms) = postSolution
		{78AB2B16-C6A6-4CFF-953A-C26326DCC7F0}.Debug|Any CPU.ActiveCfg = Debug|Any CPU
		{78AB2B16-C6A6-4CFF-953A-C26326DCC7F0}.Release|Any CPU.ActiveCfg = Release|Any CPU
	EndGlobalSection
	GlobalSection(SolutionProperties) = preSolution
		HideSolutionNode = FALSE
	EndGlobalSection
	GlobalSection(ExtensibilityGlobals) = postSolution
		SolutionGuid = {54A6C077-2FF4-4617-859B-1F0B2EAFC71A}
	EndGlobalSection
EndGlobal
