
Microsoft Visual Studio Solution File, Format Version 12.00
# Visual Studio Version 16
VisualStudioVersion = 16.0.29503.13
MinimumVisualStudioVersion = 10.0.40219.1
Project("{888888A0-9F3D-457C-B088-3A5042F75D52}") = "3주차 연습문제", "3주차 연습문제\3주차 연습문제.pyproj", "{75070EFE-48ED-44DC-B06D-40E138742698}"
EndProject
Global
	GlobalSection(SolutionConfigurationPlatforms) = preSolution
		Debug|Any CPU = Debug|Any CPU
		Release|Any CPU = Release|Any CPU
	EndGlobalSection
	GlobalSection(ProjectConfigurationPlatforms) = postSolution
		{75070EFE-48ED-44DC-B06D-40E138742698}.Debug|Any CPU.ActiveCfg = Debug|Any CPU
		{75070EFE-48ED-44DC-B06D-40E138742698}.Release|Any CPU.ActiveCfg = Release|Any CPU
	EndGlobalSection
	GlobalSection(SolutionProperties) = preSolution
		HideSolutionNode = FALSE
	EndGlobalSection
	GlobalSection(ExtensibilityGlobals) = postSolution
		SolutionGuid = {F92D013F-9982-40F0-8A5C-61BAD0848EFE}
	EndGlobalSection
EndGlobal
