
Microsoft Visual Studio Solution File, Format Version 12.00
# Visual Studio Version 16
VisualStudioVersion = 16.0.29503.13
MinimumVisualStudioVersion = 10.0.40219.1
Project("{888888A0-9F3D-457C-B088-3A5042F75D52}") = "py_1114", "3주차-2\py_1114.pyproj", "{69EA2529-C5DB-4EE2-81FA-A1CAF426666E}"
EndProject
Global
	GlobalSection(SolutionConfigurationPlatforms) = preSolution
		Debug|Any CPU = Debug|Any CPU
		Release|Any CPU = Release|Any CPU
	EndGlobalSection
	GlobalSection(ProjectConfigurationPlatforms) = postSolution
		{69EA2529-C5DB-4EE2-81FA-A1CAF426666E}.Debug|Any CPU.ActiveCfg = Debug|Any CPU
		{69EA2529-C5DB-4EE2-81FA-A1CAF426666E}.Release|Any CPU.ActiveCfg = Release|Any CPU
	EndGlobalSection
	GlobalSection(SolutionProperties) = preSolution
		HideSolutionNode = FALSE
	EndGlobalSection
	GlobalSection(ExtensibilityGlobals) = postSolution
		SolutionGuid = {2AA91193-0AA3-45CB-8796-B3A04EC7F4B8}
	EndGlobalSection
EndGlobal
