
Microsoft Visual Studio Solution File, Format Version 12.00
# Visual Studio Version 16
VisualStudioVersion = 16.0.29503.13
MinimumVisualStudioVersion = 10.0.40219.1
Project("{888888A0-9F3D-457C-B088-3A5042F75D52}") = "3주차-2 과제", "3주차-2 과제\3주차-2 과제.pyproj", "{3CC5666A-4055-42CD-8558-9A8F1FB5AE4A}"
EndProject
Global
	GlobalSection(SolutionConfigurationPlatforms) = preSolution
		Debug|Any CPU = Debug|Any CPU
		Release|Any CPU = Release|Any CPU
	EndGlobalSection
	GlobalSection(ProjectConfigurationPlatforms) = postSolution
		{3CC5666A-4055-42CD-8558-9A8F1FB5AE4A}.Debug|Any CPU.ActiveCfg = Debug|Any CPU
		{3CC5666A-4055-42CD-8558-9A8F1FB5AE4A}.Release|Any CPU.ActiveCfg = Release|Any CPU
	EndGlobalSection
	GlobalSection(SolutionProperties) = preSolution
		HideSolutionNode = FALSE
	EndGlobalSection
	GlobalSection(ExtensibilityGlobals) = postSolution
		SolutionGuid = {41864D93-F222-4B66-8C2A-16EC1420F11A}
	EndGlobalSection
EndGlobal
