
Microsoft Visual Studio Solution File, Format Version 12.00
# Visual Studio Version 16
VisualStudioVersion = 16.0.29306.81
MinimumVisualStudioVersion = 10.0.40219.1
Project("{888888A0-9F3D-457C-B088-3A5042F75D52}") = "py_1107", "py_1107\py_1107.pyproj", "{A7A7A022-DED2-4FB4-AF59-BCDF2A0B981A}"
EndProject
Global
	GlobalSection(SolutionConfigurationPlatforms) = preSolution
		Debug|Any CPU = Debug|Any CPU
		Release|Any CPU = Release|Any CPU
	EndGlobalSection
	GlobalSection(ProjectConfigurationPlatforms) = postSolution
		{A7A7A022-DED2-4FB4-AF59-BCDF2A0B981A}.Debug|Any CPU.ActiveCfg = Debug|Any CPU
		{A7A7A022-DED2-4FB4-AF59-BCDF2A0B981A}.Release|Any CPU.ActiveCfg = Release|Any CPU
	EndGlobalSection
	GlobalSection(SolutionProperties) = preSolution
		HideSolutionNode = FALSE
	EndGlobalSection
	GlobalSection(ExtensibilityGlobals) = postSolution
		SolutionGuid = {4665D055-60E3-404C-B227-7A0D39B07EB4}
	EndGlobalSection
EndGlobal
